// !$*UTF8*$!
{
	archiveVersion = 1;
	classes = {
	};
	objectVersion = 50;
	objects = {

/* Begin PBXBuildFile section */
		64807894B2E370ADAC1E5D44 /* Pods_WOW.framework in Frameworks */ = {isa = PBXBuildFile; fileRef = FC35505371099221315A70F7 /* Pods_WOW.framework */; };
		952C749F23C4D597004060C2 /* AppDelegate.swift in Sources */ = {isa = PBXBuildFile; fileRef = 952C749E23C4D597004060C2 /* AppDelegate.swift */; };
		952C74A123C4D597004060C2 /* FirstViewController.swift in Sources */ = {isa = PBXBuildFile; fileRef = 952C74A023C4D597004060C2 /* FirstViewController.swift */; };
		952C74A323C4D597004060C2 /* SecondViewController.swift in Sources */ = {isa = PBXBuildFile; fileRef = 952C74A223C4D597004060C2 /* SecondViewController.swift */; };
		952C74A623C4D597004060C2 /* Main.storyboard in Resources */ = {isa = PBXBuildFile; fileRef = 952C74A423C4D597004060C2 /* Main.storyboard */; };
		952C74A823C4D597004060C2 /* Assets.xcassets in Resources */ = {isa = PBXBuildFile; fileRef = 952C74A723C4D597004060C2 /* Assets.xcassets */; };
		952C74AB23C4D597004060C2 /* LaunchScreen.storyboard in Resources */ = {isa = PBXBuildFile; fileRef = 952C74A923C4D597004060C2 /* LaunchScreen.storyboard */; };
/* End PBXBuildFile section */

/* Begin PBXFileReference section */
		60F1267780369018F29B2CB3 /* Pods-WOW.release.xcconfig */ = {isa = PBXFileReference; includeInIndex = 1; lastKnownFileType = text.xcconfig; name = "Pods-WOW.release.xcconfig"; path = "Target Support Files/Pods-WOW/Pods-WOW.release.xcconfig"; sourceTree = "<group>"; };
		61DE662A5E16E55E38195C2A /* Pods-WOW.debug.xcconfig */ = {isa = PBXFileReference; includeInIndex = 1; lastKnownFileType = text.xcconfig; name = "Pods-WOW.debug.xcconfig"; path = "Target Support Files/Pods-WOW/Pods-WOW.debug.xcconfig"; sourceTree = "<group>"; };
		952C749B23C4D597004060C2 /* WOW.app */ = {isa = PBXFileReference; explicitFileType = wrapper.application; includeInIndex = 0; path = WOW.app; sourceTree = BUILT_PRODUCTS_DIR; };
		952C749E23C4D597004060C2 /* AppDelegate.swift */ = {isa = PBXFileReference; lastKnownFileType = sourcecode.swift; path = AppDelegate.swift; sourceTree = "<group>"; };
		952C74A023C4D597004060C2 /* FirstViewController.swift */ = {isa = PBXFileReference; lastKnownFileType = sourcecode.swift; path = FirstViewController.swift; sourceTree = "<group>"; };
		952C74A223C4D597004060C2 /* SecondViewController.swift */ = {isa = PBXFileReference; lastKnownFileType = sourcecode.swift; path = SecondViewController.swift; sourceTree = "<group>"; };
		952C74A523C4D597004060C2 /* Base */ = {isa = PBXFileReference; lastKnownFileType = file.storyboard; name = Base; path = Base.lproj/Main.storyboard; sourceTree = "<group>"; };
		952C74A723C4D597004060C2 /* Assets.xcassets */ = {isa = PBXFileReference; lastKnownFileType = folder.assetcatalog; path = Assets.xcassets; sourceTree = "<group>"; };
		952C74AA23C4D597004060C2 /* Base */ = {isa = PBXFileReference; lastKnownFileType = file.storyboard; name = Base; path = Base.lproj/LaunchScreen.storyboard; sourceTree = "<group>"; };
		952C74AC23C4D597004060C2 /* Info.plist */ = {isa = PBXFileReference; lastKnownFileType = text.plist.xml; path = Info.plist; sourceTree = "<group>"; };
		FC35505371099221315A70F7 /* Pods_WOW.framework */ = {isa = PBXFileReference; explicitFileType = wrapper.framework; includeInIndex = 0; path = Pods_WOW.framework; sourceTree = BUILT_PRODUCTS_DIR; };
/* End PBXFileReference section */

/* Begin PBXFrameworksBuildPhase section */
		952C749823C4D597004060C2 /* Frameworks */ = {
			isa = PBXFrameworksBuildPhase;
			buildActionMask = 2147483647;
			files = (
				64807894B2E370ADAC1E5D44 /* Pods_WOW.framework in Frameworks */,
			);
			runOnlyForDeploymentPostprocessing = 0;
		};
/* End PBXFrameworksBuildPhase section */

/* Begin PBXGroup section */
		4E963C0629DF839CAFFAEA7A /* Pods */ = {
			isa = PBXGroup;
			children = (
				61DE662A5E16E55E38195C2A /* Pods-WOW.debug.xcconfig */,
				60F1267780369018F29B2CB3 /* Pods-WOW.release.xcconfig */,
			);
			name = Pods;
			path = Pods;
			sourceTree = "<group>";
		};
		952C749223C4D597004060C2 = {
			isa = PBXGroup;
			children = (
				952C749D23C4D597004060C2 /* WOW */,
				952C749C23C4D597004060C2 /* Products */,
				4E963C0629DF839CAFFAEA7A /* Pods */,
				9D27A0BC1269BF7321E9DE5C /* Frameworks */,
			);
			sourceTree = "<group>";
		};
		952C749C23C4D597004060C2 /* Products */ = {
			isa = PBXGroup;
			children = (
				952C749B23C4D597004060C2 /* WOW.app */,
			);
			name = Products;
			sourceTree = "<group>";
		};
		952C749D23C4D597004060C2 /* WOW */ = {
			isa = PBXGroup;
			children = (
				952C749E23C4D597004060C2 /* AppDelegate.swift */,
				952C74A023C4D597004060C2 /* FirstViewController.swift */,
				952C74A223C4D597004060C2 /* SecondViewController.swift */,
				952C74A423C4D597004060C2 /* Main.storyboard */,
				952C74A723C4D597004060C2 /* Assets.xcassets */,
				952C74A923C4D597004060C2 /* LaunchScreen.storyboard */,
				952C74AC23C4D597004060C2 /* Info.plist */,
			);
			path = WOW;
			sourceTree = "<group>";
		};
		9D27A0BC1269BF7321E9DE5C /* Frameworks */ = {
			isa = PBXGroup;
			children = (
				FC35505371099221315A70F7 /* Pods_WOW.framework */,
			);
			name = Frameworks;
			sourceTree = "<group>";
		};
/* End PBXGroup section */

/* Begin PBXNativeTarget section */
		952C749A23C4D597004060C2 /* WOW */ = {
			isa = PBXNativeTarget;
			buildConfigurationList = 952C74AF23C4D597004060C2 /* Build configuration list for PBXNativeTarget "WOW" */;
			buildPhases = (
				08A49D1B119D4CC98DEFC0FB /* [CP] Check Pods Manifest.lock */,
				952C749723C4D597004060C2 /* Sources */,
				952C749823C4D597004060C2 /* Frameworks */,
				952C749923C4D597004060C2 /* Resources */,
				4E101C5FAA175F896A5E42AC /* [CP] Embed Pods Frameworks */,
			);
			buildRules = (
			);
			dependencies = (
			);
			name = WOW;
			productName = WOW;
			productReference = 952C749B23C4D597004060C2 /* WOW.app */;
			productType = "com.apple.product-type.application";
		};
/* End PBXNativeTarget section */

/* Begin PBXProject section */
		952C749323C4D597004060C2 /* Project object */ = {
			isa = PBXProject;
			attributes = {
				LastSwiftUpdateCheck = 1020;
				LastUpgradeCheck = 1020;
				ORGANIZATIONNAME = Praful;
				TargetAttributes = {
					952C749A23C4D597004060C2 = {
						CreatedOnToolsVersion = 10.2.1;
					};
				};
			};
			buildConfigurationList = 952C749623C4D597004060C2 /* Build configuration list for PBXProject "WOW" */;
			compatibilityVersion = "Xcode 9.3";
			developmentRegion = en;
			hasScannedForEncodings = 0;
			knownRegions = (
				en,
				Base,
			);
			mainGroup = 952C749223C4D597004060C2;
			productRefGroup = 952C749C23C4D597004060C2 /* Products */;
			projectDirPath = "";
			projectRoot = "";
			targets = (
				952C749A23C4D597004060C2 /* WOW */,
			);
		};
/* End PBXProject section */

/* Begin PBXResourcesBuildPhase section */
		952C749923C4D597004060C2 /* Resources */ = {
			isa = PBXResourcesBuildPhase;
			buildActionMask = 2147483647;
			files = (
				952C74AB23C4D597004060C2 /* LaunchScreen.storyboard in Resources */,
				952C74A823C4D597004060C2 /* Assets.xcassets in Resources */,
				952C74A623C4D597004060C2 /* Main.storyboard in Resources */,
			);
			runOnlyForDeploymentPostprocessing = 0;
		};
/* End PBXResourcesBuildPhase section */

/* Begin PBXShellScriptBuildPhase section */
		08A49D1B119D4CC98DEFC0FB /* [CP] Check Pods Manifest.lock */ = {
			isa = PBXShellScriptBuildPhase;
			buildActionMask = 2147483647;
			files = (
			);
			inputFileListPaths = (
			);
			inputPaths = (
				"${PODS_PODFILE_DIR_PATH}/Podfile.lock",
				"${PODS_ROOT}/Manifest.lock",
			);
			name = "[CP] Check Pods Manifest.lock";
			outputFileListPaths = (
			);
			outputPaths = (
				"$(DERIVED_FILE_DIR)/Pods-WOW-checkManifestLockResult.txt",
			);
			runOnlyForDeploymentPostprocessing = 0;
			shellPath = /bin/sh;
			shellScript = "diff \"${PODS_PODFILE_DIR_PATH}/Podfile.lock\" \"${PODS_ROOT}/Manifest.lock\" > /dev/null\nif [ $? != 0 ] ; then\n    # print error to STDERR\n    echo \"error: The sandbox is not in sync with the Podfile.lock. Run 'pod install' or update your CocoaPods installation.\" >&2\n    exit 1\nfi\n# This output is used by Xcode 'outputs' to avoid re-running this script phase.\necho \"SUCCESS\" > \"${SCRIPT_OUTPUT_FILE_0}\"\n";
			showEnvVarsInLog = 0;
		};
		4E101C5FAA175F896A5E42AC /* [CP] Embed Pods Frameworks */ = {
			isa = PBXShellScriptBuildPhase;
			buildActionMask = 2147483647;
			files = (
			);
			inputFileListPaths = (
				"${PODS_ROOT}/Target Support Files/Pods-WOW/Pods-WOW-frameworks-${CONFIGURATION}-input-files.xcfilelist",
			);
			name = "[CP] Embed Pods Frameworks";
			outputFileListPaths = (
				"${PODS_ROOT}/Target Support Files/Pods-WOW/Pods-WOW-frameworks-${CONFIGURATION}-output-files.xcfilelist",
			);
			runOnlyForDeploymentPostprocessing = 0;
			shellPath = /bin/sh;
			shellScript = "\"${PODS_ROOT}/Target Support Files/Pods-WOW/Pods-WOW-frameworks.sh\"\n";
			showEnvVarsInLog = 0;
		};
/* End PBXShellScriptBuildPhase section */

/* Begin PBXSourcesBuildPhase section */
		952C749723C4D597004060C2 /* Sources */ = {
			isa = PBXSourcesBuildPhase;
			buildActionMask = 2147483647;
			files = (
				952C74A323C4D597004060C2 /* SecondViewController.swift in Sources */,
				952C749F23C4D597004060C2 /* AppDelegate.swift in Sources */,
				952C74A123C4D597004060C2 /* FirstViewController.swift in Sources */,
			);
			runOnlyForDeploymentPostprocessing = 0;
		};
/* End PBXSourcesBuildPhase section */

/* Begin PBXVariantGroup section */
		952C74A423C4D597004060C2 /* Main.storyboard */ = {
			isa = PBXVariantGroup;
			children = (
				952C74A523C4D597004060C2 /* Base */,
			);
			name = Main.storyboard;
			sourceTree = "<group>";
		};
		952C74A923C4D597004060C2 /* LaunchScreen.storyboard */ = {
			isa = PBXVariantGroup;
			children = (
				952C74AA23C4D597004060C2 /* Base */,
			);
			name = LaunchScreen.storyboard;
			sourceTree = "<group>";
		};
/* End PBXVariantGroup section */

/* Begin XCBuildConfiguration section */
		952C74AD23C4D597004060C2 /* Debug */ = {
			isa = XCBuildConfiguration;
			buildSettings = {
				ALWAYS_SEARCH_USER_PATHS = NO;
				CLANG_ANALYZER_NONNULL = YES;
				CLANG_ANALYZER_NUMBER_OBJECT_CONVERSION = YES_AGGRESSIVE;
				CLANG_CXX_LANGUAGE_STANDARD = "gnu++14";
				CLANG_CXX_LIBRARY = "libc++";
				CLANG_ENABLE_MODULES = YES;
				CLANG_ENABLE_OBJC_ARC = YES;
				CLANG_ENABLE_OBJC_WEAK = YES;
				CLANG_WARN_BLOCK_CAPTURE_AUTORELEASING = YES;
				CLANG_WARN_BOOL_CONVERSION = YES;
				CLANG_WARN_COMMA = YES;
				CLANG_WARN_CONSTANT_CONVERSION = YES;
				CLANG_WARN_DEPRECATED_OBJC_IMPLEMENTATIONS = YES;
				CLANG_WARN_DIRECT_OBJC_ISA_USAGE = YES_ERROR;
				CLANG_WARN_DOCUMENTATION_COMMENTS = YES;
				CLANG_WARN_EMPTY_BODY = YES;
				CLANG_WARN_ENUM_CONVERSION = YES;
				CLANG_WARN_INFINITE_RECURSION = YES;
				CLANG_WARN_INT_CONVERSION = YES;
				CLANG_WARN_NON_LITERAL_NULL_CONVERSION = YES;
				CLANG_WARN_OBJC_IMPLICIT_RETAIN_SELF = YES;
				CLANG_WARN_OBJC_LITERAL_CONVERSION = YES;
				CLANG_WARN_OBJC_ROOT_CLASS = YES_ERROR;
				CLANG_WARN_RANGE_LOOP_ANALYSIS = YES;
				CLANG_WARN_STRICT_PROTOTYPES = YES;
				CLANG_WARN_SUSPICIOUS_MOVE = YES;
				CLANG_WARN_UNGUARDED_AVAILABILITY = YES_AGGRESSIVE;
				CLANG_WARN_UNREACHABLE_CODE = YES;
				CLANG_WARN__DUPLICATE_METHOD_MATCH = YES;
				CODE_SIGN_IDENTITY = "iPhone Developer";
				COPY_PHASE_STRIP = NO;
				DEBUG_INFORMATION_FORMAT = dwarf;
				ENABLE_STRICT_OBJC_MSGSEND = YES;
				ENABLE_TESTABILITY = YES;
				GCC_C_LANGUAGE_STANDARD = gnu11;
				GCC_DYNAMIC_NO_PIC = NO;
				GCC_NO_COMMON_BLOCKS = YES;
				GCC_OPTIMIZATION_LEVEL = 0;
				GCC_PREPROCESSOR_DEFINITIONS = (
					"DEBUG=1",
					"$(inherited)",
				);
				GCC_WARN_64_TO_32_BIT_CONVERSION = YES;
				GCC_WARN_ABOUT_RETURN_TYPE = YES_ERROR;
				GCC_WARN_UNDECLARED_SELECTOR = YES;
				GCC_WARN_UNINITIALIZED_AUTOS = YES_AGGRESSIVE;
				GCC_WARN_UNUSED_FUNCTION = YES;
				GCC_WARN_UNUSED_VARIABLE = YES;
				IPHONEOS_DEPLOYMENT_TARGET = 12.2;
				MTL_ENABLE_DEBUG_INFO = INCLUDE_SOURCE;
				MTL_FAST_MATH = YES;
				ONLY_ACTIVE_ARCH = YES;
				SDKROOT = iphoneos;
				SWIFT_ACTIVE_COMPILATION_CONDITIONS = DEBUG;
				SWIFT_OPTIMIZATION_LEVEL = "-Onone";
			};
			name = Debug;
		};
		952C74AE23C4D597004060C2 /* Release */ = {
			isa = XCBuildConfiguration;
			buildSettings = {
				ALWAYS_SEARCH_USER_PATHS = NO;
				CLANG_ANALYZER_NONNULL = YES;
				CLANG_ANALYZER_NUMBER_OBJECT_CONVERSION = YES_AGGRESSIVE;
				CLANG_CXX_LANGUAGE_STANDARD = "gnu++14";
				CLANG_CXX_LIBRARY = "libc++";
				CLANG_ENABLE_MODULES = YES;
				CLANG_ENABLE_OBJC_ARC = YES;
				CLANG_ENABLE_OBJC_WEAK = YES;
				CLANG_WARN_BLOCK_CAPTURE_AUTORELEASING = YES;
				CLANG_WARN_BOOL_CONVERSION = YES;
				CLANG_WARN_COMMA = YES;
				CLANG_WARN_CONSTANT_CONVERSION = YES;
				CLANG_WARN_DEPRECATED_OBJC_IMPLEMENTATIONS = YES;
				CLANG_WARN_DIRECT_OBJC_ISA_USAGE = YES_ERROR;
				CLANG_WARN_DOCUMENTATION_COMMENTS = YES;
				CLANG_WARN_EMPTY_BODY = YES;
				CLANG_WARN_ENUM_CONVERSION = YES;
				CLANG_WARN_INFINITE_RECURSION = YES;
				CLANG_WARN_INT_CONVERSION = YES;
				CLANG_WARN_NON_LITERAL_NULL_CONVERSION = YES;
				CLANG_WARN_OBJC_IMPLICIT_RETAIN_SELF = YES;
				CLANG_WARN_OBJC_LITERAL_CONVERSION = YES;
				CLANG_WARN_OBJC_ROOT_CLASS = YES_ERROR;
				CLANG_WARN_RANGE_LOOP_ANALYSIS = YES;
				CLANG_WARN_STRICT_PROTOTYPES = YES;
				CLANG_WARN_SUSPICIOUS_MOVE = YES;
				CLANG_WARN_UNGUARDED_AVAILABILITY = YES_AGGRESSIVE;
				CLANG_WARN_UNREACHABLE_CODE = YES;
				CLANG_WARN__DUPLICATE_METHOD_MATCH = YES;
				CODE_SIGN_IDENTITY = "iPhone Developer";
				COPY_PHASE_STRIP = NO;
				DEBUG_INFORMATION_FORMAT = "dwarf-with-dsym";
				ENABLE_NS_ASSERTIONS = NO;
				ENABLE_STRICT_OBJC_MSGSEND = YES;
				GCC_C_LANGUAGE_STANDARD = gnu11;
				GCC_NO_COMMON_BLOCKS = YES;
				GCC_WARN_64_TO_32_BIT_CONVERSION = YES;
				GCC_WARN_ABOUT_RETURN_TYPE = YES_ERROR;
				GCC_WARN_UNDECLARED_SELECTOR = YES;
				GCC_WARN_UNINITIALIZED_AUTOS = YES_AGGRESSIVE;
				GCC_WARN_UNUSED_FUNCTION = YES;
				GCC_WARN_UNUSED_VARIABLE = YES;
				IPHONEOS_DEPLOYMENT_TARGET = 12.2;
				MTL_ENABLE_DEBUG_INFO = NO;
				MTL_FAST_MATH = YES;
				SDKROOT = iphoneos;
				SWIFT_COMPILATION_MODE = wholemodule;
				SWIFT_OPTIMIZATION_LEVEL = "-O";
				VALIDATE_PRODUCT = YES;
			};
			name = Release;
		};
		952C74B023C4D597004060C2 /* Debug */ = {
			isa = XCBuildConfiguration;
			baseConfigurationReference = 61DE662A5E16E55E38195C2A /* Pods-WOW.debug.xcconfig */;
			buildSettings = {
				ASSETCATALOG_COMPILER_APPICON_NAME = AppIcon;
				CODE_SIGN_STYLE = Automatic;
				INFOPLIST_FILE = WOW/Info.plist;
				LD_RUNPATH_SEARCH_PATHS = (
					"$(inherited)",
					"@executable_path/Frameworks",
				);
				PRODUCT_BUNDLE_IDENTIFIER = TP.WOW;
				PRODUCT_NAME = "$(TARGET_NAME)";
				SWIFT_VERSION = 5.0;
				TARGETED_DEVICE_FAMILY = "1,2";
			};
			name = Debug;
		};
		952C74B123C4D597004060C2 /* Release */ = {
			isa = XCBuildConfiguration;
			baseConfigurationReference = 60F1267780369018F29B2CB3 /* Pods-WOW.release.xcconfig */;
			buildSettings = {
				ASSETCATALOG_COMPILER_APPICON_NAME = AppIcon;
				CODE_SIGN_STYLE = Automatic;
				INFOPLIST_FILE = WOW/Info.plist;
				LD_RUNPATH_SEARCH_PATHS = (
					"$(inherited)",
					"@executable_path/Frameworks",
				);
				PRODUCT_BUNDLE_IDENTIFIER = TP.WOW;
				PRODUCT_NAME = "$(TARGET_NAME)";
				SWIFT_VERSION = 5.0;
				TARGETED_DEVICE_FAMILY = "1,2";
			};
			name = Release;
		};
/* End XCBuildConfiguration section */

/* Begin XCConfigurationList section */
		952C749623C4D597004060C2 /* Build configuration list for PBXProject "WOW" */ = {
			isa = XCConfigurationList;
			buildConfigurations = (
				952C74AD23C4D597004060C2 /* Debug */,
				952C74AE23C4D597004060C2 /* Release */,
			);
			defaultConfigurationIsVisible = 0;
			defaultConfigurationName = Release;
		};
		952C74AF23C4D597004060C2 /* Build configuration list for PBXNativeTarget "WOW" */ = {
			isa = XCConfigurationList;
			buildConfigurations = (
				952C74B023C4D597004060C2 /* Debug */,
				952C74B123C4D597004060C2 /* Release */,
			);
			defaultConfigurationIsVisible = 0;
			defaultConfigurationName = Release;
		};
/* End XCConfigurationList section */
	};
	rootObject = 952C749323C4D597004060C2 /* Project object */;
}
